// !$*UTF8*$!
{
	archiveVersion = 1;
	classes = {
	};
	objectVersion = 56;
	objects = {

/* Begin PBXBuildFile section */
		9B63803B2CFE2D4E00172362 /* SwiftWorkshopApp.swift in Sources */ = {isa = PBXBuildFile; fileRef = 9B63803A2CFE2D4E00172362 /* SwiftWorkshopApp.swift */; };
		9B63803D2CFE2D4E00172362 /* ContentView.swift in Sources */ = {isa = PBXBuildFile; fileRef = 9B63803C2CFE2D4E00172362 /* ContentView.swift */; };
		9B63803F2CFE2D4F00172362 /* Assets.xcassets in Resources */ = {isa = PBXBuildFile; fileRef = 9B63803E2CFE2D4F00172362 /* Assets.xcassets */; };
		9B6380422CFE2D4F00172362 /* Preview Assets.xcassets in Resources */ = {isa = PBXBuildFile; fileRef = 9B6380412CFE2D4F00172362 /* Preview Assets.xcassets */; };
		9B63804A2CFE2F3500172362 /* AuthView.swift in Sources */ = {isa = PBXBuildFile; fileRef = 9B6380492CFE2F3500172362 /* AuthView.swift */; };
		9B63804D2CFE394A00172362 /* RoundedTextFieldStyle.swift in Sources */ = {isa = PBXBuildFile; fileRef = 9B63804C2CFE394A00172362 /* RoundedTextFieldStyle.swift */; };
		9B6380502CFE3D4000172362 /* AppNavigation.swift in Sources */ = {isa = PBXBuildFile; fileRef = 9B63804F2CFE3D4000172362 /* AppNavigation.swift */; };
/* End PBXBuildFile section */

/* Begin PBXFileReference section */
		9B6380372CFE2D4E00172362 /* SwiftWorkshop.app */ = {isa = PBXFileReference; explicitFileType = wrapper.application; includeInIndex = 0; path = SwiftWorkshop.app; sourceTree = BUILT_PRODUCTS_DIR; };
		9B63803A2CFE2D4E00172362 /* SwiftWorkshopApp.swift */ = {isa = PBXFileReference; lastKnownFileType = sourcecode.swift; path = SwiftWorkshopApp.swift; sourceTree = "<group>"; };
		9B63803C2CFE2D4E00172362 /* ContentView.swift */ = {isa = PBXFileReference; lastKnownFileType = sourcecode.swift; path = ContentView.swift; sourceTree = "<group>"; };
		9B63803E2CFE2D4F00172362 /* Assets.xcassets */ = {isa = PBXFileReference; lastKnownFileType = folder.assetcatalog; path = Assets.xcassets; sourceTree = "<group>"; };
		9B6380412CFE2D4F00172362 /* Preview Assets.xcassets */ = {isa = PBXFileReference; lastKnownFileType = folder.assetcatalog; path = "Preview Assets.xcassets"; sourceTree = "<group>"; };
		9B6380492CFE2F3500172362 /* AuthView.swift */ = {isa = PBXFileReference; lastKnownFileType = sourcecode.swift; path = AuthView.swift; sourceTree = "<group>"; };
		9B63804C2CFE394A00172362 /* RoundedTextFieldStyle.swift */ = {isa = PBXFileReference; lastKnownFileType = sourcecode.swift; path = RoundedTextFieldStyle.swift; sourceTree = "<group>"; };
		9B63804F2CFE3D4000172362 /* AppNavigation.swift */ = {isa = PBXFileReference; lastKnownFileType = sourcecode.swift; path = AppNavigation.swift; sourceTree = "<group>"; };
/* End PBXFileReference section */

/* Begin PBXFrameworksBuildPhase section */
		9B6380342CFE2D4E00172362 /* Frameworks */ = {
			isa = PBXFrameworksBuildPhase;
			buildActionMask = 2147483647;
			files = (
			);
			runOnlyForDeploymentPostprocessing = 0;
		};
/* End PBXFrameworksBuildPhase section */

/* Begin PBXGroup section */
		9B63802E2CFE2D4E00172362 = {
			isa = PBXGroup;
			children = (
				9B6380392CFE2D4E00172362 /* SwiftWorkshop */,
				9B6380382CFE2D4E00172362 /* Products */,
			);
			sourceTree = "<group>";
		};
		9B6380382CFE2D4E00172362 /* Products */ = {
			isa = PBXGroup;
			children = (
				9B6380372CFE2D4E00172362 /* SwiftWorkshop.app */,
			);
			name = Products;
			sourceTree = "<group>";
		};
		9B6380392CFE2D4E00172362 /* SwiftWorkshop */ = {
			isa = PBXGroup;
			children = (
				9B63803A2CFE2D4E00172362 /* SwiftWorkshopApp.swift */,
				9B63803C2CFE2D4E00172362 /* ContentView.swift */,
				9B63804E2CFE3D1900172362 /* Navigation */,
				9B63804B2CFE38E700172362 /* Styles */,
				9B6380482CFE2EB600172362 /* View */,
				9B63803E2CFE2D4F00172362 /* Assets.xcassets */,
				9B6380402CFE2D4F00172362 /* Preview Content */,
			);
			path = SwiftWorkshop;
			sourceTree = "<group>";
		};
		9B6380402CFE2D4F00172362 /* Preview Content */ = {
			isa = PBXGroup;
			children = (
				9B6380412CFE2D4F00172362 /* Preview Assets.xcassets */,
			);
			path = "Preview Content";
			sourceTree = "<group>";
		};
		9B6380482CFE2EB600172362 /* View */ = {
			isa = PBXGroup;
			children = (
				9B6380492CFE2F3500172362 /* AuthView.swift */,
			);
			path = View;
			sourceTree = "<group>";
		};
		9B63804B2CFE38E700172362 /* Styles */ = {
			isa = PBXGroup;
			children = (
				9B63804C2CFE394A00172362 /* RoundedTextFieldStyle.swift */,
			);
			path = Styles;
			sourceTree = "<group>";
		};
		9B63804E2CFE3D1900172362 /* Navigation */ = {
			isa = PBXGroup;
			children = (
				9B63804F2CFE3D4000172362 /* AppNavigation.swift */,
			);
			path = Navigation;
			sourceTree = "<group>";
		};
/* End PBXGroup section */

/* Begin PBXNativeTarget section */
		9B6380362CFE2D4E00172362 /* SwiftWorkshop */ = {
			isa = PBXNativeTarget;
			buildConfigurationList = 9B6380452CFE2D4F00172362 /* Build configuration list for PBXNativeTarget "SwiftWorkshop" */;
			buildPhases = (
				9B6380332CFE2D4E00172362 /* Sources */,
				9B6380342CFE2D4E00172362 /* Frameworks */,
				9B6380352CFE2D4E00172362 /* Resources */,
			);
			buildRules = (
			);
			dependencies = (
			);
			name = SwiftWorkshop;
			productName = SwiftWorkshop;
			productReference = 9B6380372CFE2D4E00172362 /* SwiftWorkshop.app */;
			productType = "com.apple.product-type.application";
		};
/* End PBXNativeTarget section */

/* Begin PBXProject section */
		9B63802F2CFE2D4E00172362 /* Project object */ = {
			isa = PBXProject;
			attributes = {
				BuildIndependentTargetsInParallel = 1;
				LastSwiftUpdateCheck = 1540;
				LastUpgradeCheck = 1540;
				TargetAttributes = {
					9B6380362CFE2D4E00172362 = {
						CreatedOnToolsVersion = 15.4;
					};
				};
			};
			buildConfigurationList = 9B6380322CFE2D4E00172362 /* Build configuration list for PBXProject "SwiftWorkshop" */;
			compatibilityVersion = "Xcode 14.0";
			developmentRegion = en;
			hasScannedForEncodings = 0;
			knownRegions = (
				en,
				Base,
			);
			mainGroup = 9B63802E2CFE2D4E00172362;
			productRefGroup = 9B6380382CFE2D4E00172362 /* Products */;
			projectDirPath = "";
			projectRoot = "";
			targets = (
				9B6380362CFE2D4E00172362 /* SwiftWorkshop */,
			);
		};
/* End PBXProject section */

/* Begin PBXResourcesBuildPhase section */
		9B6380352CFE2D4E00172362 /* Resources */ = {
			isa = PBXResourcesBuildPhase;
			buildActionMask = 2147483647;
			files = (
				9B6380422CFE2D4F00172362 /* Preview Assets.xcassets in Resources */,
				9B63803F2CFE2D4F00172362 /* Assets.xcassets in Resources */,
			);
			runOnlyForDeploymentPostprocessing = 0;
		};
/* End PBXResourcesBuildPhase section */

/* Begin PBXSourcesBuildPhase section */
		9B6380332CFE2D4E00172362 /* Sources */ = {
			isa = PBXSourcesBuildPhase;
			buildActionMask = 2147483647;
			files = (
				9B63803D2CFE2D4E00172362 /* ContentView.swift in Sources */,
				9B63804D2CFE394A00172362 /* RoundedTextFieldStyle.swift in Sources */,
				9B6380502CFE3D4000172362 /* AppNavigation.swift in Sources */,
				9B63803B2CFE2D4E00172362 /* SwiftWorkshopApp.swift in Sources */,
				9B63804A2CFE2F3500172362 /* AuthView.swift in Sources */,
			);
			runOnlyForDeploymentPostprocessing = 0;
		};
/* End PBXSourcesBuildPhase section */

/* Begin XCBuildConfiguration section */
		9B6380432CFE2D4F00172362 /* Debug */ = {
			isa = XCBuildConfiguration;
			buildSettings = {
				ALWAYS_SEARCH_USER_PATHS = NO;
				ASSETCATALOG_COMPILER_GENERATE_SWIFT_ASSET_SYMBOL_EXTENSIONS = YES;
				CLANG_ANALYZER_NONNULL = YES;
				CLANG_ANALYZER_NUMBER_OBJECT_CONVERSION = YES_AGGRESSIVE;
				CLANG_CXX_LANGUAGE_STANDARD = "gnu++20";
				CLANG_ENABLE_MODULES = YES;
				CLANG_ENABLE_OBJC_ARC = YES;
				CLANG_ENABLE_OBJC_WEAK = YES;
				CLANG_WARN_BLOCK_CAPTURE_AUTORELEASING = YES;
				CLANG_WARN_BOOL_CONVERSION = YES;
				CLANG_WARN_COMMA = YES;
				CLANG_WARN_CONSTANT_CONVERSION = YES;
				CLANG_WARN_DEPRECATED_OBJC_IMPLEMENTATIONS = YES;
				CLANG_WARN_DIRECT_OBJC_ISA_USAGE = YES_ERROR;
				CLANG_WARN_DOCUMENTATION_COMMENTS = YES;
				CLANG_WARN_EMPTY_BODY = YES;
				CLANG_WARN_ENUM_CONVERSION = YES;
				CLANG_WARN_INFINITE_RECURSION = YES;
				CLANG_WARN_INT_CONVERSION = YES;
				CLANG_WARN_NON_LITERAL_NULL_CONVERSION = YES;
				CLANG_WARN_OBJC_IMPLICIT_RETAIN_SELF = YES;
				CLANG_WARN_OBJC_LITERAL_CONVERSION = YES;
				CLANG_WARN_OBJC_ROOT_CLASS = YES_ERROR;
				CLANG_WARN_QUOTED_INCLUDE_IN_FRAMEWORK_HEADER = YES;
				CLANG_WARN_RANGE_LOOP_ANALYSIS = YES;
				CLANG_WARN_STRICT_PROTOTYPES = YES;
				CLANG_WARN_SUSPICIOUS_MOVE = YES;
				CLANG_WARN_UNGUARDED_AVAILABILITY = YES_AGGRESSIVE;
				CLANG_WARN_UNREACHABLE_CODE = YES;
				CLANG_WARN__DUPLICATE_METHOD_MATCH = YES;
				COPY_PHASE_STRIP = NO;
				DEBUG_INFORMATION_FORMAT = dwarf;
				ENABLE_STRICT_OBJC_MSGSEND = YES;
				ENABLE_TESTABILITY = YES;
				ENABLE_USER_SCRIPT_SANDBOXING = YES;
				GCC_C_LANGUAGE_STANDARD = gnu17;
				GCC_DYNAMIC_NO_PIC = NO;
				GCC_NO_COMMON_BLOCKS = YES;
				GCC_OPTIMIZATION_LEVEL = 0;
				GCC_PREPROCESSOR_DEFINITIONS = (
					"DEBUG=1",
					"$(inherited)",
				);
				GCC_WARN_64_TO_32_BIT_CONVERSION = YES;
				GCC_WARN_ABOUT_RETURN_TYPE = YES_ERROR;
				GCC_WARN_UNDECLARED_SELECTOR = YES;
				GCC_WARN_UNINITIALIZED_AUTOS = YES_AGGRESSIVE;
				GCC_WARN_UNUSED_FUNCTION = YES;
				GCC_WARN_UNUSED_VARIABLE = YES;
				IPHONEOS_DEPLOYMENT_TARGET = 17.5;
				LOCALIZATION_PREFERS_STRING_CATALOGS = YES;
				MTL_ENABLE_DEBUG_INFO = INCLUDE_SOURCE;
				MTL_FAST_MATH = YES;
				ONLY_ACTIVE_ARCH = YES;
				SDKROOT = iphoneos;
				SWIFT_ACTIVE_COMPILATION_CONDITIONS = "DEBUG $(inherited)";
				SWIFT_OPTIMIZATION_LEVEL = "-Onone";
			};
			name = Debug;
		};
		9B6380442CFE2D4F00172362 /* Release */ = {
			isa = XCBuildConfiguration;
			buildSettings = {
				ALWAYS_SEARCH_USER_PATHS = NO;
				ASSETCATALOG_COMPILER_GENERATE_SWIFT_ASSET_SYMBOL_EXTENSIONS = YES;
				CLANG_ANALYZER_NONNULL = YES;
				CLANG_ANALYZER_NUMBER_OBJECT_CONVERSION = YES_AGGRESSIVE;
				CLANG_CXX_LANGUAGE_STANDARD = "gnu++20";
				CLANG_ENABLE_MODULES = YES;
				CLANG_ENABLE_OBJC_ARC = YES;
				CLANG_ENABLE_OBJC_WEAK = YES;
				CLANG_WARN_BLOCK_CAPTURE_AUTORELEASING = YES;
				CLANG_WARN_BOOL_CONVERSION = YES;
				CLANG_WARN_COMMA = YES;
				CLANG_WARN_CONSTANT_CONVERSION = YES;
				CLANG_WARN_DEPRECATED_OBJC_IMPLEMENTATIONS = YES;
				CLANG_WARN_DIRECT_OBJC_ISA_USAGE = YES_ERROR;
				CLANG_WARN_DOCUMENTATION_COMMENTS = YES;
				CLANG_WARN_EMPTY_BODY = YES;
				CLANG_WARN_ENUM_CONVERSION = YES;
				CLANG_WARN_INFINITE_RECURSION = YES;
				CLANG_WARN_INT_CONVERSION = YES;
				CLANG_WARN_NON_LITERAL_NULL_CONVERSION = YES;
				CLANG_WARN_OBJC_IMPLICIT_RETAIN_SELF = YES;
				CLANG_WARN_OBJC_LITERAL_CONVERSION = YES;
				CLANG_WARN_OBJC_ROOT_CLASS = YES_ERROR;
				CLANG_WARN_QUOTED_INCLUDE_IN_FRAMEWORK_HEADER = YES;
				CLANG_WARN_RANGE_LOOP_ANALYSIS = YES;
				CLANG_WARN_STRICT_PROTOTYPES = YES;
				CLANG_WARN_SUSPICIOUS_MOVE = YES;
				CLANG_WARN_UNGUARDED_AVAILABILITY = YES_AGGRESSIVE;
				CLANG_WARN_UNREACHABLE_CODE = YES;
				CLANG_WARN__DUPLICATE_METHOD_MATCH = YES;
				COPY_PHASE_STRIP = NO;
				DEBUG_INFORMATION_FORMAT = "dwarf-with-dsym";
				ENABLE_NS_ASSERTIONS = NO;
				ENABLE_STRICT_OBJC_MSGSEND = YES;
				ENABLE_USER_SCRIPT_SANDBOXING = YES;
				GCC_C_LANGUAGE_STANDARD = gnu17;
				GCC_NO_COMMON_BLOCKS = YES;
				GCC_WARN_64_TO_32_BIT_CONVERSION = YES;
				GCC_WARN_ABOUT_RETURN_TYPE = YES_ERROR;
				GCC_WARN_UNDECLARED_SELECTOR = YES;
				GCC_WARN_UNINITIALIZED_AUTOS = YES_AGGRESSIVE;
				GCC_WARN_UNUSED_FUNCTION = YES;
				GCC_WARN_UNUSED_VARIABLE = YES;
				IPHONEOS_DEPLOYMENT_TARGET = 17.5;
				LOCALIZATION_PREFERS_STRING_CATALOGS = YES;
				MTL_ENABLE_DEBUG_INFO = NO;
				MTL_FAST_MATH = YES;
				SDKROOT = iphoneos;
				SWIFT_COMPILATION_MODE = wholemodule;
				VALIDATE_PRODUCT = YES;
			};
			name = Release;
		};
		9B6380462CFE2D4F00172362 /* Debug */ = {
			isa = XCBuildConfiguration;
			buildSettings = {
				ASSETCATALOG_COMPILER_APPICON_NAME = AppIcon;
				ASSETCATALOG_COMPILER_GLOBAL_ACCENT_COLOR_NAME = AccentColor;
				CODE_SIGN_STYLE = Automatic;
				CURRENT_PROJECT_VERSION = 1;
				DEVELOPMENT_ASSET_PATHS = "\"SwiftWorkshop/Preview Content\"";
				ENABLE_PREVIEWS = YES;
				GENERATE_INFOPLIST_FILE = YES;
				INFOPLIST_KEY_UIApplicationSceneManifest_Generation = YES;
				INFOPLIST_KEY_UIApplicationSupportsIndirectInputEvents = YES;
				INFOPLIST_KEY_UILaunchScreen_Generation = YES;
				INFOPLIST_KEY_UISupportedInterfaceOrientations_iPad = "UIInterfaceOrientationPortrait UIInterfaceOrientationPortraitUpsideDown UIInterfaceOrientationLandscapeLeft UIInterfaceOrientationLandscapeRight";
				INFOPLIST_KEY_UISupportedInterfaceOrientations_iPhone = "UIInterfaceOrientationPortrait UIInterfaceOrientationLandscapeLeft UIInterfaceOrientationLandscapeRight";
				LD_RUNPATH_SEARCH_PATHS = (
					"$(inherited)",
					"@executable_path/Frameworks",
				);
				MARKETING_VERSION = 1.0;
				PRODUCT_BUNDLE_IDENTIFIER = test.SwiftWorkshop;
				PRODUCT_NAME = "$(TARGET_NAME)";
				SWIFT_EMIT_LOC_STRINGS = YES;
				SWIFT_VERSION = 5.0;
				TARGETED_DEVICE_FAMILY = "1,2";
			};
			name = Debug;
		};
		9B6380472CFE2D4F00172362 /* Release */ = {
			isa = XCBuildConfiguration;
			buildSettings = {
				ASSETCATALOG_COMPILER_APPICON_NAME = AppIcon;
				ASSETCATALOG_COMPILER_GLOBAL_ACCENT_COLOR_NAME = AccentColor;
				CODE_SIGN_STYLE = Automatic;
				CURRENT_PROJECT_VERSION = 1;
				DEVELOPMENT_ASSET_PATHS = "\"SwiftWorkshop/Preview Content\"";
				ENABLE_PREVIEWS = YES;
				GENERATE_INFOPLIST_FILE = YES;
				INFOPLIST_KEY_UIApplicationSceneManifest_Generation = YES;
				INFOPLIST_KEY_UIApplicationSupportsIndirectInputEvents = YES;
				INFOPLIST_KEY_UILaunchScreen_Generation = YES;
				INFOPLIST_KEY_UISupportedInterfaceOrientations_iPad = "UIInterfaceOrientationPortrait UIInterfaceOrientationPortraitUpsideDown UIInterfaceOrientationLandscapeLeft UIInterfaceOrientationLandscapeRight";
				INFOPLIST_KEY_UISupportedInterfaceOrientations_iPhone = "UIInterfaceOrientationPortrait UIInterfaceOrientationLandscapeLeft UIInterfaceOrientationLandscapeRight";
				LD_RUNPATH_SEARCH_PATHS = (
					"$(inherited)",
					"@executable_path/Frameworks",
				);
				MARKETING_VERSION = 1.0;
				PRODUCT_BUNDLE_IDENTIFIER = test.SwiftWorkshop;
				PRODUCT_NAME = "$(TARGET_NAME)";
				SWIFT_EMIT_LOC_STRINGS = YES;
				SWIFT_VERSION = 5.0;
				TARGETED_DEVICE_FAMILY = "1,2";
			};
			name = Release;
		};
/* End XCBuildConfiguration section */

/* Begin XCConfigurationList section */
		9B6380322CFE2D4E00172362 /* Build configuration list for PBXProject "SwiftWorkshop" */ = {
			isa = XCConfigurationList;
			buildConfigurations = (
				9B6380432CFE2D4F00172362 /* Debug */,
				9B6380442CFE2D4F00172362 /* Release */,
			);
			defaultConfigurationIsVisible = 0;
			defaultConfigurationName = Release;
		};
		9B6380452CFE2D4F00172362 /* Build configuration list for PBXNativeTarget "SwiftWorkshop" */ = {
			isa = XCConfigurationList;
			buildConfigurations = (
				9B6380462CFE2D4F00172362 /* Debug */,
				9B6380472CFE2D4F00172362 /* Release */,
			);
			defaultConfigurationIsVisible = 0;
			defaultConfigurationName = Release;
		};
/* End XCConfigurationList section */
	};
	rootObject = 9B63802F2CFE2D4E00172362 /* Project object */;
}
